// !$*UTF8*$!
{
	archiveVersion = 1;
	classes = {
	};
	objectVersion = 50;
	objects = {

/* Begin PBXBuildFile section */
		AC39B05022F758460034B3A1 /* item.swift in Sources */ = {isa = PBXBuildFile; fileRef = AC39B04F22F758460034B3A1 /* item.swift */; };
		AC83BBBB2309AB6D008B7A34 /* Data Model.xcdatamodeld in Sources */ = {isa = PBXBuildFile; fileRef = AC83BBB92309AB6D008B7A34 /* Data Model.xcdatamodeld */; };
		ACAD4E1A22EF1E630010E9E0 /* AppDelegate.swift in Sources */ = {isa = PBXBuildFile; fileRef = ACAD4E1922EF1E630010E9E0 /* AppDelegate.swift */; };
		ACAD4E1C22EF1E630010E9E0 /* ToDoListViewController.swift in Sources */ = {isa = PBXBuildFile; fileRef = ACAD4E1B22EF1E630010E9E0 /* ToDoListViewController.swift */; };
		ACAD4E1F22EF1E630010E9E0 /* Main.storyboard in Resources */ = {isa = PBXBuildFile; fileRef = ACAD4E1D22EF1E630010E9E0 /* Main.storyboard */; };
		ACAD4E2122EF1E670010E9E0 /* Assets.xcassets in Resources */ = {isa = PBXBuildFile; fileRef = ACAD4E2022EF1E670010E9E0 /* Assets.xcassets */; };
		ACAD4E2422EF1E670010E9E0 /* LaunchScreen.storyboard in Resources */ = {isa = PBXBuildFile; fileRef = ACAD4E2222EF1E670010E9E0 /* LaunchScreen.storyboard */; };
		ACFC9C6B231AFA5100B3350C /* CategoryTableViewController.swift in Sources */ = {isa = PBXBuildFile; fileRef = ACFC9C6A231AFA5100B3350C /* CategoryTableViewController.swift */; };
/* End PBXBuildFile section */

/* Begin PBXFileReference section */
		AC39B04F22F758460034B3A1 /* item.swift */ = {isa = PBXFileReference; lastKnownFileType = sourcecode.swift; path = item.swift; sourceTree = "<group>"; };
		AC83BBBA2309AB6D008B7A34 /* Data Model.xcdatamodel */ = {isa = PBXFileReference; lastKnownFileType = wrapper.xcdatamodel; path = "Data Model.xcdatamodel"; sourceTree = "<group>"; };
		ACAD4E1622EF1E630010E9E0 /* Tod0ey.app */ = {isa = PBXFileReference; explicitFileType = wrapper.application; includeInIndex = 0; path = Tod0ey.app; sourceTree = BUILT_PRODUCTS_DIR; };
		ACAD4E1922EF1E630010E9E0 /* AppDelegate.swift */ = {isa = PBXFileReference; lastKnownFileType = sourcecode.swift; path = AppDelegate.swift; sourceTree = "<group>"; };
		ACAD4E1B22EF1E630010E9E0 /* ToDoListViewController.swift */ = {isa = PBXFileReference; lastKnownFileType = sourcecode.swift; path = ToDoListViewController.swift; sourceTree = "<group>"; };
		ACAD4E1E22EF1E630010E9E0 /* Base */ = {isa = PBXFileReference; lastKnownFileType = file.storyboard; name = Base; path = Base.lproj/Main.storyboard; sourceTree = "<group>"; };
		ACAD4E2022EF1E670010E9E0 /* Assets.xcassets */ = {isa = PBXFileReference; lastKnownFileType = folder.assetcatalog; path = Assets.xcassets; sourceTree = "<group>"; };
		ACAD4E2322EF1E670010E9E0 /* Base */ = {isa = PBXFileReference; lastKnownFileType = file.storyboard; name = Base; path = Base.lproj/LaunchScreen.storyboard; sourceTree = "<group>"; };
		ACAD4E2522EF1E670010E9E0 /* Info.plist */ = {isa = PBXFileReference; lastKnownFileType = text.plist.xml; path = Info.plist; sourceTree = "<group>"; };
		ACFC9C6A231AFA5100B3350C /* CategoryTableViewController.swift */ = {isa = PBXFileReference; lastKnownFileType = sourcecode.swift; path = CategoryTableViewController.swift; sourceTree = "<group>"; };
/* End PBXFileReference section */

/* Begin PBXFrameworksBuildPhase section */
		ACAD4E1322EF1E630010E9E0 /* Frameworks */ = {
			isa = PBXFrameworksBuildPhase;
			buildActionMask = 2147483647;
			files = (
			);
			runOnlyForDeploymentPostprocessing = 0;
		};
/* End PBXFrameworksBuildPhase section */

/* Begin PBXGroup section */
		AC39B05122F759330034B3A1 /* DataModel */ = {
			isa = PBXGroup;
			children = (
				AC83BBB92309AB6D008B7A34 /* Data Model.xcdatamodeld */,
				AC39B04F22F758460034B3A1 /* item.swift */,
			);
			path = DataModel;
			sourceTree = "<group>";
		};
		AC39B05222F759470034B3A1 /* Controllers */ = {
			isa = PBXGroup;
			children = (
				ACFC9C6A231AFA5100B3350C /* CategoryTableViewController.swift */,
				ACAD4E1B22EF1E630010E9E0 /* ToDoListViewController.swift */,
			);
			path = Controllers;
			sourceTree = "<group>";
		};
		AC39B05322F759650034B3A1 /* view */ = {
			isa = PBXGroup;
			children = (
				ACAD4E1D22EF1E630010E9E0 /* Main.storyboard */,
			);
			path = view;
			sourceTree = "<group>";
		};
		AC39B05422F75A0E0034B3A1 /* SupportingFiles */ = {
			isa = PBXGroup;
			children = (
				ACAD4E2222EF1E670010E9E0 /* LaunchScreen.storyboard */,
				ACAD4E2022EF1E670010E9E0 /* Assets.xcassets */,
			);
			path = SupportingFiles;
			sourceTree = "<group>";
		};
		ACAD4E0D22EF1E630010E9E0 = {
			isa = PBXGroup;
			children = (
				ACAD4E1822EF1E630010E9E0 /* Tod0ey */,
				ACAD4E1722EF1E630010E9E0 /* Products */,
			);
			sourceTree = "<group>";
		};
		ACAD4E1722EF1E630010E9E0 /* Products */ = {
			isa = PBXGroup;
			children = (
				ACAD4E1622EF1E630010E9E0 /* Tod0ey.app */,
			);
			name = Products;
			sourceTree = "<group>";
		};
		ACAD4E1822EF1E630010E9E0 /* Tod0ey */ = {
			isa = PBXGroup;
			children = (
				ACAD4E1922EF1E630010E9E0 /* AppDelegate.swift */,
				AC39B05222F759470034B3A1 /* Controllers */,
				AC39B05122F759330034B3A1 /* DataModel */,
				AC39B05322F759650034B3A1 /* view */,
				AC39B05422F75A0E0034B3A1 /* SupportingFiles */,
				ACAD4E2522EF1E670010E9E0 /* Info.plist */,
			);
			path = Tod0ey;
			sourceTree = "<group>";
		};
/* End PBXGroup section */

/* Begin PBXNativeTarget section */
		ACAD4E1522EF1E630010E9E0 /* Tod0ey */ = {
			isa = PBXNativeTarget;
			buildConfigurationList = ACAD4E2822EF1E670010E9E0 /* Build configuration list for PBXNativeTarget "Tod0ey" */;
			buildPhases = (
				ACAD4E1222EF1E630010E9E0 /* Sources */,
				ACAD4E1322EF1E630010E9E0 /* Frameworks */,
				ACAD4E1422EF1E630010E9E0 /* Resources */,
			);
			buildRules = (
			);
			dependencies = (
			);
			name = Tod0ey;
			productName = Tod0ey;
			productReference = ACAD4E1622EF1E630010E9E0 /* Tod0ey.app */;
			productType = "com.apple.product-type.application";
		};
/* End PBXNativeTarget section */

/* Begin PBXProject section */
		ACAD4E0E22EF1E630010E9E0 /* Project object */ = {
			isa = PBXProject;
			attributes = {
				LastSwiftUpdateCheck = 1030;
				LastUpgradeCheck = 1030;
				ORGANIZATIONNAME = praveen;
				TargetAttributes = {
					ACAD4E1522EF1E630010E9E0 = {
						CreatedOnToolsVersion = 10.3;
					};
				};
			};
			buildConfigurationList = ACAD4E1122EF1E630010E9E0 /* Build configuration list for PBXProject "Tod0ey" */;
			compatibilityVersion = "Xcode 9.3";
			developmentRegion = en;
			hasScannedForEncodings = 0;
			knownRegions = (
				en,
				Base,
			);
			mainGroup = ACAD4E0D22EF1E630010E9E0;
			productRefGroup = ACAD4E1722EF1E630010E9E0 /* Products */;
			projectDirPath = "";
			projectRoot = "";
			targets = (
				ACAD4E1522EF1E630010E9E0 /* Tod0ey */,
			);
		};
/* End PBXProject section */

/* Begin PBXResourcesBuildPhase section */
		ACAD4E1422EF1E630010E9E0 /* Resources */ = {
			isa = PBXResourcesBuildPhase;
			buildActionMask = 2147483647;
			files = (
				ACAD4E2422EF1E670010E9E0 /* LaunchScreen.storyboard in Resources */,
				ACAD4E2122EF1E670010E9E0 /* Assets.xcassets in Resources */,
				ACAD4E1F22EF1E630010E9E0 /* Main.storyboard in Resources */,
			);
			runOnlyForDeploymentPostprocessing = 0;
		};
/* End PBXResourcesBuildPhase section */

/* Begin PBXSourcesBuildPhase section */
		ACAD4E1222EF1E630010E9E0 /* Sources */ = {
			isa = PBXSourcesBuildPhase;
			buildActionMask = 2147483647;
			files = (
				ACAD4E1C22EF1E630010E9E0 /* ToDoListViewController.swift in Sources */,
				AC39B05022F758460034B3A1 /* item.swift in Sources */,
				ACFC9C6B231AFA5100B3350C /* CategoryTableViewController.swift in Sources */,
				AC83BBBB2309AB6D008B7A34 /* Data Model.xcdatamodeld in Sources */,
				ACAD4E1A22EF1E630010E9E0 /* AppDelegate.swift in Sources */,
			);
			runOnlyForDeploymentPostprocessing = 0;
		};
/* End PBXSourcesBuildPhase section */

/* Begin PBXVariantGroup section */
		ACAD4E1D22EF1E630010E9E0 /* Main.storyboard */ = {
			isa = PBXVariantGroup;
			children = (
				ACAD4E1E22EF1E630010E9E0 /* Base */,
			);
			name = Main.storyboard;
			sourceTree = "<group>";
		};
		ACAD4E2222EF1E670010E9E0 /* LaunchScreen.storyboard */ = {
			isa = PBXVariantGroup;
			children = (
				ACAD4E2322EF1E670010E9E0 /* Base */,
			);
			name = LaunchScreen.storyboard;
			sourceTree = "<group>";
		};
/* End PBXVariantGroup section */

/* Begin XCBuildConfiguration section */
		ACAD4E2622EF1E670010E9E0 /* Debug */ = {
			isa = XCBuildConfiguration;
			buildSettings = {
				ALWAYS_SEARCH_USER_PATHS = NO;
				CLANG_ANALYZER_NONNULL = YES;
				CLANG_ANALYZER_NUMBER_OBJECT_CONVERSION = YES_AGGRESSIVE;
				CLANG_CXX_LANGUAGE_STANDARD = "gnu++14";
				CLANG_CXX_LIBRARY = "libc++";
				CLANG_ENABLE_MODULES = YES;
				CLANG_ENABLE_OBJC_ARC = YES;
				CLANG_ENABLE_OBJC_WEAK = YES;
				CLANG_WARN_BLOCK_CAPTURE_AUTORELEASING = YES;
				CLANG_WARN_BOOL_CONVERSION = YES;
				CLANG_WARN_COMMA = YES;
				CLANG_WARN_CONSTANT_CONVERSION = YES;
				CLANG_WARN_DEPRECATED_OBJC_IMPLEMENTATIONS = YES;
				CLANG_WARN_DIRECT_OBJC_ISA_USAGE = YES_ERROR;
				CLANG_WARN_DOCUMENTATION_COMMENTS = YES;
				CLANG_WARN_EMPTY_BODY = YES;
				CLANG_WARN_ENUM_CONVERSION = YES;
				CLANG_WARN_INFINITE_RECURSION = YES;
				CLANG_WARN_INT_CONVERSION = YES;
				CLANG_WARN_NON_LITERAL_NULL_CONVERSION = YES;
				CLANG_WARN_OBJC_IMPLICIT_RETAIN_SELF = YES;
				CLANG_WARN_OBJC_LITERAL_CONVERSION = YES;
				CLANG_WARN_OBJC_ROOT_CLASS = YES_ERROR;
				CLANG_WARN_RANGE_LOOP_ANALYSIS = YES;
				CLANG_WARN_STRICT_PROTOTYPES = YES;
				CLANG_WARN_SUSPICIOUS_MOVE = YES;
				CLANG_WARN_UNGUARDED_AVAILABILITY = YES_AGGRESSIVE;
				CLANG_WARN_UNREACHABLE_CODE = YES;
				CLANG_WARN__DUPLICATE_METHOD_MATCH = YES;
				CODE_SIGN_IDENTITY = "iPhone Developer";
				COPY_PHASE_STRIP = NO;
				DEBUG_INFORMATION_FORMAT = dwarf;
				ENABLE_STRICT_OBJC_MSGSEND = YES;
				ENABLE_TESTABILITY = YES;
				GCC_C_LANGUAGE_STANDARD = gnu11;
				GCC_DYNAMIC_NO_PIC = NO;
				GCC_NO_COMMON_BLOCKS = YES;
				GCC_OPTIMIZATION_LEVEL = 0;
				GCC_PREPROCESSOR_DEFINITIONS = (
					"DEBUG=1",
					"$(inherited)",
				);
				GCC_WARN_64_TO_32_BIT_CONVERSION = YES;
				GCC_WARN_ABOUT_RETURN_TYPE = YES_ERROR;
				GCC_WARN_UNDECLARED_SELECTOR = YES;
				GCC_WARN_UNINITIALIZED_AUTOS = YES_AGGRESSIVE;
				GCC_WARN_UNUSED_FUNCTION = YES;
				GCC_WARN_UNUSED_VARIABLE = YES;
				IPHONEOS_DEPLOYMENT_TARGET = 12.4;
				MTL_ENABLE_DEBUG_INFO = INCLUDE_SOURCE;
				MTL_FAST_MATH = YES;
				ONLY_ACTIVE_ARCH = YES;
				SDKROOT = iphoneos;
				SWIFT_ACTIVE_COMPILATION_CONDITIONS = DEBUG;
				SWIFT_OPTIMIZATION_LEVEL = "-Onone";
			};
			name = Debug;
		};
		ACAD4E2722EF1E670010E9E0 /* Release */ = {
			isa = XCBuildConfiguration;
			buildSettings = {
				ALWAYS_SEARCH_USER_PATHS = NO;
				CLANG_ANALYZER_NONNULL = YES;
				CLANG_ANALYZER_NUMBER_OBJECT_CONVERSION = YES_AGGRESSIVE;
				CLANG_CXX_LANGUAGE_STANDARD = "gnu++14";
				CLANG_CXX_LIBRARY = "libc++";
				CLANG_ENABLE_MODULES = YES;
				CLANG_ENABLE_OBJC_ARC = YES;
				CLANG_ENABLE_OBJC_WEAK = YES;
				CLANG_WARN_BLOCK_CAPTURE_AUTORELEASING = YES;
				CLANG_WARN_BOOL_CONVERSION = YES;
				CLANG_WARN_COMMA = YES;
				CLANG_WARN_CONSTANT_CONVERSION = YES;
				CLANG_WARN_DEPRECATED_OBJC_IMPLEMENTATIONS = YES;
				CLANG_WARN_DIRECT_OBJC_ISA_USAGE = YES_ERROR;
				CLANG_WARN_DOCUMENTATION_COMMENTS = YES;
				CLANG_WARN_EMPTY_BODY = YES;
				CLANG_WARN_ENUM_CONVERSION = YES;
				CLANG_WARN_INFINITE_RECURSION = YES;
				CLANG_WARN_INT_CONVERSION = YES;
				CLANG_WARN_NON_LITERAL_NULL_CONVERSION = YES;
				CLANG_WARN_OBJC_IMPLICIT_RETAIN_SELF = YES;
				CLANG_WARN_OBJC_LITERAL_CONVERSION = YES;
				CLANG_WARN_OBJC_ROOT_CLASS = YES_ERROR;
				CLANG_WARN_RANGE_LOOP_ANALYSIS = YES;
				CLANG_WARN_STRICT_PROTOTYPES = YES;
				CLANG_WARN_SUSPICIOUS_MOVE = YES;
				CLANG_WARN_UNGUARDED_AVAILABILITY = YES_AGGRESSIVE;
				CLANG_WARN_UNREACHABLE_CODE = YES;
				CLANG_WARN__DUPLICATE_METHOD_MATCH = YES;
				CODE_SIGN_IDENTITY = "iPhone Developer";
				COPY_PHASE_STRIP = NO;
				DEBUG_INFORMATION_FORMAT = "dwarf-with-dsym";
				ENABLE_NS_ASSERTIONS = NO;
				ENABLE_STRICT_OBJC_MSGSEND = YES;
				GCC_C_LANGUAGE_STANDARD = gnu11;
				GCC_NO_COMMON_BLOCKS = YES;
				GCC_WARN_64_TO_32_BIT_CONVERSION = YES;
				GCC_WARN_ABOUT_RETURN_TYPE = YES_ERROR;
				GCC_WARN_UNDECLARED_SELECTOR = YES;
				GCC_WARN_UNINITIALIZED_AUTOS = YES_AGGRESSIVE;
				GCC_WARN_UNUSED_FUNCTION = YES;
				GCC_WARN_UNUSED_VARIABLE = YES;
				IPHONEOS_DEPLOYMENT_TARGET = 12.4;
				MTL_ENABLE_DEBUG_INFO = NO;
				MTL_FAST_MATH = YES;
				SDKROOT = iphoneos;
				SWIFT_COMPILATION_MODE = wholemodule;
				SWIFT_OPTIMIZATION_LEVEL = "-O";
				VALIDATE_PRODUCT = YES;
			};
			name = Release;
		};
		ACAD4E2922EF1E670010E9E0 /* Debug */ = {
			isa = XCBuildConfiguration;
			buildSettings = {
				ASSETCATALOG_COMPILER_APPICON_NAME = AppIcon;
				CODE_SIGN_STYLE = Automatic;
				DEVELOPMENT_TEAM = 39PVH96U86;
				INFOPLIST_FILE = Tod0ey/Info.plist;
				IPHONEOS_DEPLOYMENT_TARGET = 12.1;
				LD_RUNPATH_SEARCH_PATHS = (
					"$(inherited)",
					"@executable_path/Frameworks",
				);
				PRODUCT_BUNDLE_IDENTIFIER = prince.Tod0ey;
				PRODUCT_NAME = "$(TARGET_NAME)";
				SWIFT_VERSION = 5.0;
				TARGETED_DEVICE_FAMILY = "1,2";
			};
			name = Debug;
		};
		ACAD4E2A22EF1E670010E9E0 /* Release */ = {
			isa = XCBuildConfiguration;
			buildSettings = {
				ASSETCATALOG_COMPILER_APPICON_NAME = AppIcon;
				CODE_SIGN_STYLE = Automatic;
				DEVELOPMENT_TEAM = 39PVH96U86;
				INFOPLIST_FILE = Tod0ey/Info.plist;
				IPHONEOS_DEPLOYMENT_TARGET = 12.1;
				LD_RUNPATH_SEARCH_PATHS = (
					"$(inherited)",
					"@executable_path/Frameworks",
				);
				PRODUCT_BUNDLE_IDENTIFIER = prince.Tod0ey;
				PRODUCT_NAME = "$(TARGET_NAME)";
				SWIFT_VERSION = 5.0;
				TARGETED_DEVICE_FAMILY = "1,2";
			};
			name = Release;
		};
/* End XCBuildConfiguration section */

/* Begin XCConfigurationList section */
		ACAD4E1122EF1E630010E9E0 /* Build configuration list for PBXProject "Tod0ey" */ = {
			isa = XCConfigurationList;
			buildConfigurations = (
				ACAD4E2622EF1E670010E9E0 /* Debug */,
				ACAD4E2722EF1E670010E9E0 /* Release */,
			);
			defaultConfigurationIsVisible = 0;
			defaultConfigurationName = Release;
		};
		ACAD4E2822EF1E670010E9E0 /* Build configuration list for PBXNativeTarget "Tod0ey" */ = {
			isa = XCConfigurationList;
			buildConfigurations = (
				ACAD4E2922EF1E670010E9E0 /* Debug */,
				ACAD4E2A22EF1E670010E9E0 /* Release */,
			);
			defaultConfigurationIsVisible = 0;
			defaultConfigurationName = Release;
		};
/* End XCConfigurationList section */

/* Begin XCVersionGroup section */
		AC83BBB92309AB6D008B7A34 /* Data Model.xcdatamodeld */ = {
			isa = XCVersionGroup;
			children = (
				AC83BBBA2309AB6D008B7A34 /* Data Model.xcdatamodel */,
			);
			currentVersion = AC83BBBA2309AB6D008B7A34 /* Data Model.xcdatamodel */;
			path = "Data Model.xcdatamodeld";
			sourceTree = "<group>";
			versionGroupType = wrapper.xcdatamodel;
		};
/* End XCVersionGroup section */
	};
	rootObject = ACAD4E0E22EF1E630010E9E0 /* Project object */;
}
